
Microsoft Visual Studio Solution File, Format Version 12.00
# Visual Studio Version 17
VisualStudioVersion = 17.7.34009.444
MinimumVisualStudioVersion = 10.0.40219.1
Project("{FAE04EC0-301F-11D3-BF4B-00C04F79EFBC}") = "PythagoreanTheorem", "PythagoreanTheorem\PythagoreanTheorem.csproj", "{E4DBE4FA-1531-4365-B65F-0BD7907B8A6A}"
EndProject
Global
	GlobalSection(SolutionConfigurationPlatforms) = preSolution
		Debug|Any CPU = Debug|Any CPU
		Release|Any CPU = Release|Any CPU
	EndGlobalSection
	GlobalSection(ProjectConfigurationPlatforms) = postSolution
		{E4DBE4FA-1531-4365-B65F-0BD7907B8A6A}.Debug|Any CPU.ActiveCfg = Debug|Any CPU
		{E4DBE4FA-1531-4365-B65F-0BD7907B8A6A}.Debug|Any CPU.Build.0 = Debug|Any CPU
		{E4DBE4FA-1531-4365-B65F-0BD7907B8A6A}.Release|Any CPU.ActiveCfg = Release|Any CPU
		{E4DBE4FA-1531-4365-B65F-0BD7907B8A6A}.Release|Any CPU.Build.0 = Release|Any CPU
	EndGlobalSection
	GlobalSection(SolutionProperties) = preSolution
		HideSolutionNode = FALSE
	EndGlobalSection
	GlobalSection(ExtensibilityGlobals) = postSolution
		SolutionGuid = {793D9390-ADE0-4241-B448-1CA0EE083C04}
	EndGlobalSection
EndGlobal
